// !$*UTF8*$!
{
	archiveVersion = 1;
	classes = {
	};
	objectVersion = 56;
	objects = {

/* Begin PBXBuildFile section */
		8FA13BC52DDB9E54002D4F8B /* main.cpp in Sources */ = {isa = PBXBuildFile; fileRef = 8FA13BC42DDB9E54002D4F8B /* main.cpp */; };
		8FA13BD82DDB9F46002D4F8B /* Vector2D.cpp in Sources */ = {isa = PBXBuildFile; fileRef = 8FA13BD62DDB9F46002D4F8B /* Vector2D.cpp */; };
		8FA13BDD2DDBAE57002D4F8B /* SdlManager.cpp in Sources */ = {isa = PBXBuildFile; fileRef = 8FA13BDB2DDBAE57002D4F8B /* SdlManager.cpp */; };
		8FA13BE12DDBB267002D4F8B /* GameObject.cpp in Sources */ = {isa = PBXBuildFile; fileRef = 8FA13BDF2DDBB267002D4F8B /* GameObject.cpp */; };
		8FA13BE42DDBB2B3002D4F8B /* PlayerGameObject.cpp in Sources */ = {isa = PBXBuildFile; fileRef = 8FA13BE22DDBB2B3002D4F8B /* PlayerGameObject.cpp */; };
		8FE3EE0D2DDE4F6C00C71F83 /* EnemyGameObject.cpp in Sources */ = {isa = PBXBuildFile; fileRef = 8FE3EE0B2DDE4F6C00C71F83 /* EnemyGameObject.cpp */; };
		8FE3EE122DDE5F1A00C71F83 /* enemy.png in CopyFiles */ = {isa = PBXBuildFile; fileRef = 8FE3EE102DDE5F0500C71F83 /* enemy.png */; settings = {ATTRIBUTES = (CodeSignOnCopy, ); }; };
		8FE3EE132DDE5F1D00C71F83 /* player.png in CopyFiles */ = {isa = PBXBuildFile; fileRef = 8FE3EE112DDE5F1100C71F83 /* player.png */; settings = {ATTRIBUTES = (CodeSignOnCopy, ); }; };
		8FE3EE152DDE5F4700C71F83 /* SDL2.framework in Frameworks */ = {isa = PBXBuildFile; fileRef = 8FE3EE142DDE5F4700C71F83 /* SDL2.framework */; };
		8FE3EE162DDE5F4700C71F83 /* SDL2.framework in Embed Frameworks */ = {isa = PBXBuildFile; fileRef = 8FE3EE142DDE5F4700C71F83 /* SDL2.framework */; settings = {ATTRIBUTES = (CodeSignOnCopy, RemoveHeadersOnCopy, ); }; };
		8FE3EE192DDE5F5200C71F83 /* SDL2_ttf.framework in Frameworks */ = {isa = PBXBuildFile; fileRef = 8FE3EE182DDE5F5200C71F83 /* SDL2_ttf.framework */; };
		8FE3EE1A2DDE5F5200C71F83 /* SDL2_ttf.framework in Embed Frameworks */ = {isa = PBXBuildFile; fileRef = 8FE3EE182DDE5F5200C71F83 /* SDL2_ttf.framework */; settings = {ATTRIBUTES = (CodeSignOnCopy, RemoveHeadersOnCopy, ); }; };
		8FE3EE1C2DDE5F5E00C71F83 /* SDL2_image.framework in Frameworks */ = {isa = PBXBuildFile; fileRef = 8FE3EE1B2DDE5F5E00C71F83 /* SDL2_image.framework */; settings = {ATTRIBUTES = (Required, ); }; };
		8FE3EE1D2DDE5F5E00C71F83 /* SDL2_image.framework in Embed Frameworks */ = {isa = PBXBuildFile; fileRef = 8FE3EE1B2DDE5F5E00C71F83 /* SDL2_image.framework */; settings = {ATTRIBUTES = (CodeSignOnCopy, RemoveHeadersOnCopy, ); }; };
/* End PBXBuildFile section */

/* Begin PBXCopyFilesBuildPhase section */
		8FA13BBF2DDB9E54002D4F8B /* CopyFiles */ = {
			isa = PBXCopyFilesBuildPhase;
			buildActionMask = 12;
			dstPath = "";
			dstSubfolderSpec = 16;
			files = (
				8FE3EE132DDE5F1D00C71F83 /* player.png in CopyFiles */,
				8FE3EE122DDE5F1A00C71F83 /* enemy.png in CopyFiles */,
			);
			runOnlyForDeploymentPostprocessing = 0;
		};
		8FE3EE172DDE5F4700C71F83 /* Embed Frameworks */ = {
			isa = PBXCopyFilesBuildPhase;
			buildActionMask = 2147483647;
			dstPath = "";
			dstSubfolderSpec = 10;
			files = (
				8FE3EE1D2DDE5F5E00C71F83 /* SDL2_image.framework in Embed Frameworks */,
				8FE3EE1A2DDE5F5200C71F83 /* SDL2_ttf.framework in Embed Frameworks */,
				8FE3EE162DDE5F4700C71F83 /* SDL2.framework in Embed Frameworks */,
			);
			name = "Embed Frameworks";
			runOnlyForDeploymentPostprocessing = 0;
		};
/* End PBXCopyFilesBuildPhase section */

/* Begin PBXFileReference section */
		8FA13BC12DDB9E54002D4F8B /* VetoresSDL */ = {isa = PBXFileReference; explicitFileType = "compiled.mach-o.executable"; includeInIndex = 0; path = VetoresSDL; sourceTree = BUILT_PRODUCTS_DIR; };
		8FA13BC42DDB9E54002D4F8B /* main.cpp */ = {isa = PBXFileReference; lastKnownFileType = sourcecode.cpp.cpp; path = main.cpp; sourceTree = "<group>"; };
		8FA13BCC2DDB9E7A002D4F8B /* SDL2.framework */ = {isa = PBXFileReference; lastKnownFileType = wrapper.framework; name = SDL2.framework; path = ../../../../Library/Frameworks/SDL2.framework; sourceTree = "<group>"; };
		8FA13BD02DDB9E92002D4F8B /* SDL2_image.framework */ = {isa = PBXFileReference; lastKnownFileType = wrapper.framework; name = SDL2_image.framework; path = ../../../../Library/Frameworks/SDL2_image.framework; sourceTree = "<group>"; };
		8FA13BD32DDB9E9F002D4F8B /* SDL2_ttf.framework */ = {isa = PBXFileReference; lastKnownFileType = wrapper.framework; name = SDL2_ttf.framework; path = ../../../../Library/Frameworks/SDL2_ttf.framework; sourceTree = "<group>"; };
		8FA13BD62DDB9F46002D4F8B /* Vector2D.cpp */ = {isa = PBXFileReference; lastKnownFileType = sourcecode.cpp.cpp; path = Vector2D.cpp; sourceTree = "<group>"; };
		8FA13BD72DDB9F46002D4F8B /* Vector2D.hpp */ = {isa = PBXFileReference; lastKnownFileType = sourcecode.cpp.h; path = Vector2D.hpp; sourceTree = "<group>"; };
		8FA13BDB2DDBAE57002D4F8B /* SdlManager.cpp */ = {isa = PBXFileReference; lastKnownFileType = sourcecode.cpp.cpp; path = SdlManager.cpp; sourceTree = "<group>"; };
		8FA13BDC2DDBAE57002D4F8B /* SdlManager.hpp */ = {isa = PBXFileReference; lastKnownFileType = sourcecode.cpp.h; path = SdlManager.hpp; sourceTree = "<group>"; };
		8FA13BDF2DDBB267002D4F8B /* GameObject.cpp */ = {isa = PBXFileReference; lastKnownFileType = sourcecode.cpp.cpp; path = GameObject.cpp; sourceTree = "<group>"; };
		8FA13BE02DDBB267002D4F8B /* GameObject.hpp */ = {isa = PBXFileReference; lastKnownFileType = sourcecode.cpp.h; path = GameObject.hpp; sourceTree = "<group>"; };
		8FA13BE22DDBB2B3002D4F8B /* PlayerGameObject.cpp */ = {isa = PBXFileReference; lastKnownFileType = sourcecode.cpp.cpp; path = PlayerGameObject.cpp; sourceTree = "<group>"; };
		8FA13BE32DDBB2B3002D4F8B /* PlayerGameObject.hpp */ = {isa = PBXFileReference; lastKnownFileType = sourcecode.cpp.h; path = PlayerGameObject.hpp; sourceTree = "<group>"; };
		8FE3EE0B2DDE4F6C00C71F83 /* EnemyGameObject.cpp */ = {isa = PBXFileReference; lastKnownFileType = sourcecode.cpp.cpp; path = EnemyGameObject.cpp; sourceTree = "<group>"; };
		8FE3EE0C2DDE4F6C00C71F83 /* EnemyGameObject.hpp */ = {isa = PBXFileReference; lastKnownFileType = sourcecode.cpp.h; path = EnemyGameObject.hpp; sourceTree = "<group>"; };
		8FE3EE102DDE5F0500C71F83 /* enemy.png */ = {isa = PBXFileReference; lastKnownFileType = image.png; name = enemy.png; path = "../../../../../Downloads/Simple Space/PNG/Retina/enemy.png"; sourceTree = "<group>"; };
		8FE3EE112DDE5F1100C71F83 /* player.png */ = {isa = PBXFileReference; lastKnownFileType = image.png; name = player.png; path = "../../../../../Downloads/Simple Space/PNG/Retina/player.png"; sourceTree = "<group>"; };
		8FE3EE142DDE5F4700C71F83 /* SDL2.framework */ = {isa = PBXFileReference; lastKnownFileType = wrapper.framework; name = SDL2.framework; path = ../../../../../Library/Frameworks/SDL2.framework; sourceTree = "<group>"; };
		8FE3EE182DDE5F5200C71F83 /* SDL2_ttf.framework */ = {isa = PBXFileReference; lastKnownFileType = wrapper.framework; name = SDL2_ttf.framework; path = ../../../../../Library/Frameworks/SDL2_ttf.framework; sourceTree = "<group>"; };
		8FE3EE1B2DDE5F5E00C71F83 /* SDL2_image.framework */ = {isa = PBXFileReference; lastKnownFileType = wrapper.framework; name = SDL2_image.framework; path = ../../../../../Library/Frameworks/SDL2_image.framework; sourceTree = "<group>"; };
/* End PBXFileReference section */

/* Begin PBXFrameworksBuildPhase section */
		8FA13BBE2DDB9E54002D4F8B /* Frameworks */ = {
			isa = PBXFrameworksBuildPhase;
			buildActionMask = 2147483647;
			files = (
				8FE3EE1C2DDE5F5E00C71F83 /* SDL2_image.framework in Frameworks */,
				8FE3EE192DDE5F5200C71F83 /* SDL2_ttf.framework in Frameworks */,
				8FE3EE152DDE5F4700C71F83 /* SDL2.framework in Frameworks */,
			);
			runOnlyForDeploymentPostprocessing = 0;
		};
/* End PBXFrameworksBuildPhase section */

/* Begin PBXGroup section */
		8FA13BB82DDB9E54002D4F8B = {
			isa = PBXGroup;
			children = (
				8FA13BC32DDB9E54002D4F8B /* VetoresSDL */,
				8FA13BC22DDB9E54002D4F8B /* Products */,
				8FA13BCB2DDB9E7A002D4F8B /* Frameworks */,
			);
			sourceTree = "<group>";
		};
		8FA13BC22DDB9E54002D4F8B /* Products */ = {
			isa = PBXGroup;
			children = (
				8FA13BC12DDB9E54002D4F8B /* VetoresSDL */,
			);
			name = Products;
			sourceTree = "<group>";
		};
		8FA13BC32DDB9E54002D4F8B /* VetoresSDL */ = {
			isa = PBXGroup;
			children = (
				8FA13BE52DDBC263002D4F8B /* Assets */,
				8FA13BDE2DDBB259002D4F8B /* Objects */,
				8FA13BDA2DDBAE4D002D4F8B /* SDL */,
				8FA13BD92DDBAE43002D4F8B /* Math */,
				8FA13BC42DDB9E54002D4F8B /* main.cpp */,
			);
			path = VetoresSDL;
			sourceTree = "<group>";
		};
		8FA13BCB2DDB9E7A002D4F8B /* Frameworks */ = {
			isa = PBXGroup;
			children = (
				8FE3EE1B2DDE5F5E00C71F83 /* SDL2_image.framework */,
				8FE3EE182DDE5F5200C71F83 /* SDL2_ttf.framework */,
				8FE3EE142DDE5F4700C71F83 /* SDL2.framework */,
				8FA13BD32DDB9E9F002D4F8B /* SDL2_ttf.framework */,
				8FA13BD02DDB9E92002D4F8B /* SDL2_image.framework */,
				8FA13BCC2DDB9E7A002D4F8B /* SDL2.framework */,
			);
			name = Frameworks;
			sourceTree = "<group>";
		};
		8FA13BD92DDBAE43002D4F8B /* Math */ = {
			isa = PBXGroup;
			children = (
				8FA13BD62DDB9F46002D4F8B /* Vector2D.cpp */,
				8FA13BD72DDB9F46002D4F8B /* Vector2D.hpp */,
			);
			path = Math;
			sourceTree = "<group>";
		};
		8FA13BDA2DDBAE4D002D4F8B /* SDL */ = {
			isa = PBXGroup;
			children = (
				8FA13BDB2DDBAE57002D4F8B /* SdlManager.cpp */,
				8FA13BDC2DDBAE57002D4F8B /* SdlManager.hpp */,
			);
			path = SDL;
			sourceTree = "<group>";
		};
		8FA13BDE2DDBB259002D4F8B /* Objects */ = {
			isa = PBXGroup;
			children = (
				8FA13BDF2DDBB267002D4F8B /* GameObject.cpp */,
				8FA13BE02DDBB267002D4F8B /* GameObject.hpp */,
				8FA13BE22DDBB2B3002D4F8B /* PlayerGameObject.cpp */,
				8FA13BE32DDBB2B3002D4F8B /* PlayerGameObject.hpp */,
				8FE3EE0B2DDE4F6C00C71F83 /* EnemyGameObject.cpp */,
				8FE3EE0C2DDE4F6C00C71F83 /* EnemyGameObject.hpp */,
			);
			path = Objects;
			sourceTree = "<group>";
		};
		8FA13BE52DDBC263002D4F8B /* Assets */ = {
			isa = PBXGroup;
			children = (
				8FE3EE102DDE5F0500C71F83 /* enemy.png */,
				8FE3EE112DDE5F1100C71F83 /* player.png */,
			);
			path = Assets;
			sourceTree = "<group>";
		};
/* End PBXGroup section */

/* Begin PBXNativeTarget section */
		8FA13BC02DDB9E54002D4F8B /* VetoresSDL */ = {
			isa = PBXNativeTarget;
			buildConfigurationList = 8FA13BC82DDB9E54002D4F8B /* Build configuration list for PBXNativeTarget "VetoresSDL" */;
			buildPhases = (
				8FA13BBD2DDB9E54002D4F8B /* Sources */,
				8FA13BBE2DDB9E54002D4F8B /* Frameworks */,
				8FA13BBF2DDB9E54002D4F8B /* CopyFiles */,
				8FE3EE172DDE5F4700C71F83 /* Embed Frameworks */,
			);
			buildRules = (
			);
			dependencies = (
			);
			name = VetoresSDL;
			productName = VetoresSDL;
			productReference = 8FA13BC12DDB9E54002D4F8B /* VetoresSDL */;
			productType = "com.apple.product-type.tool";
		};
/* End PBXNativeTarget section */

/* Begin PBXProject section */
		8FA13BB92DDB9E54002D4F8B /* Project object */ = {
			isa = PBXProject;
			attributes = {
				BuildIndependentTargetsInParallel = 1;
				LastUpgradeCheck = 1540;
				TargetAttributes = {
					8FA13BC02DDB9E54002D4F8B = {
						CreatedOnToolsVersion = 15.4;
					};
				};
			};
			buildConfigurationList = 8FA13BBC2DDB9E54002D4F8B /* Build configuration list for PBXProject "VetoresSDL" */;
			compatibilityVersion = "Xcode 14.0";
			developmentRegion = en;
			hasScannedForEncodings = 0;
			knownRegions = (
				en,
				Base,
			);
			mainGroup = 8FA13BB82DDB9E54002D4F8B;
			productRefGroup = 8FA13BC22DDB9E54002D4F8B /* Products */;
			projectDirPath = "";
			projectRoot = "";
			targets = (
				8FA13BC02DDB9E54002D4F8B /* VetoresSDL */,
			);
		};
/* End PBXProject section */

/* Begin PBXSourcesBuildPhase section */
		8FA13BBD2DDB9E54002D4F8B /* Sources */ = {
			isa = PBXSourcesBuildPhase;
			buildActionMask = 2147483647;
			files = (
				8FA13BE42DDBB2B3002D4F8B /* PlayerGameObject.cpp in Sources */,
				8FA13BE12DDBB267002D4F8B /* GameObject.cpp in Sources */,
				8FA13BDD2DDBAE57002D4F8B /* SdlManager.cpp in Sources */,
				8FE3EE0D2DDE4F6C00C71F83 /* EnemyGameObject.cpp in Sources */,
				8FA13BD82DDB9F46002D4F8B /* Vector2D.cpp in Sources */,
				8FA13BC52DDB9E54002D4F8B /* main.cpp in Sources */,
			);
			runOnlyForDeploymentPostprocessing = 0;
		};
/* End PBXSourcesBuildPhase section */

/* Begin XCBuildConfiguration section */
		8FA13BC62DDB9E54002D4F8B /* Debug */ = {
			isa = XCBuildConfiguration;
			buildSettings = {
				ALWAYS_SEARCH_USER_PATHS = NO;
				ASSETCATALOG_COMPILER_GENERATE_SWIFT_ASSET_SYMBOL_EXTENSIONS = YES;
				CLANG_ANALYZER_NONNULL = YES;
				CLANG_ANALYZER_NUMBER_OBJECT_CONVERSION = YES_AGGRESSIVE;
				CLANG_CXX_LANGUAGE_STANDARD = "gnu++20";
				CLANG_ENABLE_MODULES = YES;
				CLANG_ENABLE_OBJC_ARC = YES;
				CLANG_ENABLE_OBJC_WEAK = YES;
				CLANG_WARN_BLOCK_CAPTURE_AUTORELEASING = YES;
				CLANG_WARN_BOOL_CONVERSION = YES;
				CLANG_WARN_COMMA = YES;
				CLANG_WARN_CONSTANT_CONVERSION = YES;
				CLANG_WARN_DEPRECATED_OBJC_IMPLEMENTATIONS = YES;
				CLANG_WARN_DIRECT_OBJC_ISA_USAGE = YES_ERROR;
				CLANG_WARN_DOCUMENTATION_COMMENTS = YES;
				CLANG_WARN_EMPTY_BODY = YES;
				CLANG_WARN_ENUM_CONVERSION = YES;
				CLANG_WARN_INFINITE_RECURSION = YES;
				CLANG_WARN_INT_CONVERSION = YES;
				CLANG_WARN_NON_LITERAL_NULL_CONVERSION = YES;
				CLANG_WARN_OBJC_IMPLICIT_RETAIN_SELF = YES;
				CLANG_WARN_OBJC_LITERAL_CONVERSION = YES;
				CLANG_WARN_OBJC_ROOT_CLASS = YES_ERROR;
				CLANG_WARN_QUOTED_INCLUDE_IN_FRAMEWORK_HEADER = YES;
				CLANG_WARN_RANGE_LOOP_ANALYSIS = YES;
				CLANG_WARN_STRICT_PROTOTYPES = YES;
				CLANG_WARN_SUSPICIOUS_MOVE = YES;
				CLANG_WARN_UNGUARDED_AVAILABILITY = YES_AGGRESSIVE;
				CLANG_WARN_UNREACHABLE_CODE = YES;
				CLANG_WARN__DUPLICATE_METHOD_MATCH = YES;
				COPY_PHASE_STRIP = NO;
				DEBUG_INFORMATION_FORMAT = dwarf;
				ENABLE_STRICT_OBJC_MSGSEND = YES;
				ENABLE_TESTABILITY = YES;
				ENABLE_USER_SCRIPT_SANDBOXING = YES;
				GCC_C_LANGUAGE_STANDARD = gnu17;
				GCC_DYNAMIC_NO_PIC = NO;
				GCC_NO_COMMON_BLOCKS = YES;
				GCC_OPTIMIZATION_LEVEL = 0;
				GCC_PREPROCESSOR_DEFINITIONS = (
					"DEBUG=1",
					"$(inherited)",
				);
				GCC_WARN_64_TO_32_BIT_CONVERSION = YES;
				GCC_WARN_ABOUT_RETURN_TYPE = YES_ERROR;
				GCC_WARN_UNDECLARED_SELECTOR = YES;
				GCC_WARN_UNINITIALIZED_AUTOS = YES_AGGRESSIVE;
				GCC_WARN_UNUSED_FUNCTION = YES;
				GCC_WARN_UNUSED_VARIABLE = YES;
				LOCALIZATION_PREFERS_STRING_CATALOGS = YES;
				MACOSX_DEPLOYMENT_TARGET = 14.2;
				MTL_ENABLE_DEBUG_INFO = INCLUDE_SOURCE;
				MTL_FAST_MATH = YES;
				ONLY_ACTIVE_ARCH = YES;
				SDKROOT = macosx;
			};
			name = Debug;
		};
		8FA13BC72DDB9E54002D4F8B /* Release */ = {
			isa = XCBuildConfiguration;
			buildSettings = {
				ALWAYS_SEARCH_USER_PATHS = NO;
				ASSETCATALOG_COMPILER_GENERATE_SWIFT_ASSET_SYMBOL_EXTENSIONS = YES;
				CLANG_ANALYZER_NONNULL = YES;
				CLANG_ANALYZER_NUMBER_OBJECT_CONVERSION = YES_AGGRESSIVE;
				CLANG_CXX_LANGUAGE_STANDARD = "gnu++20";
				CLANG_ENABLE_MODULES = YES;
				CLANG_ENABLE_OBJC_ARC = YES;
				CLANG_ENABLE_OBJC_WEAK = YES;
				CLANG_WARN_BLOCK_CAPTURE_AUTORELEASING = YES;
				CLANG_WARN_BOOL_CONVERSION = YES;
				CLANG_WARN_COMMA = YES;
				CLANG_WARN_CONSTANT_CONVERSION = YES;
				CLANG_WARN_DEPRECATED_OBJC_IMPLEMENTATIONS = YES;
				CLANG_WARN_DIRECT_OBJC_ISA_USAGE = YES_ERROR;
				CLANG_WARN_DOCUMENTATION_COMMENTS = YES;
				CLANG_WARN_EMPTY_BODY = YES;
				CLANG_WARN_ENUM_CONVERSION = YES;
				CLANG_WARN_INFINITE_RECURSION = YES;
				CLANG_WARN_INT_CONVERSION = YES;
				CLANG_WARN_NON_LITERAL_NULL_CONVERSION = YES;
				CLANG_WARN_OBJC_IMPLICIT_RETAIN_SELF = YES;
				CLANG_WARN_OBJC_LITERAL_CONVERSION = YES;
				CLANG_WARN_OBJC_ROOT_CLASS = YES_ERROR;
				CLANG_WARN_QUOTED_INCLUDE_IN_FRAMEWORK_HEADER = YES;
				CLANG_WARN_RANGE_LOOP_ANALYSIS = YES;
				CLANG_WARN_STRICT_PROTOTYPES = YES;
				CLANG_WARN_SUSPICIOUS_MOVE = YES;
				CLANG_WARN_UNGUARDED_AVAILABILITY = YES_AGGRESSIVE;
				CLANG_WARN_UNREACHABLE_CODE = YES;
				CLANG_WARN__DUPLICATE_METHOD_MATCH = YES;
				COPY_PHASE_STRIP = NO;
				DEBUG_INFORMATION_FORMAT = "dwarf-with-dsym";
				ENABLE_NS_ASSERTIONS = NO;
				ENABLE_STRICT_OBJC_MSGSEND = YES;
				ENABLE_USER_SCRIPT_SANDBOXING = YES;
				GCC_C_LANGUAGE_STANDARD = gnu17;
				GCC_NO_COMMON_BLOCKS = YES;
				GCC_WARN_64_TO_32_BIT_CONVERSION = YES;
				GCC_WARN_ABOUT_RETURN_TYPE = YES_ERROR;
				GCC_WARN_UNDECLARED_SELECTOR = YES;
				GCC_WARN_UNINITIALIZED_AUTOS = YES_AGGRESSIVE;
				GCC_WARN_UNUSED_FUNCTION = YES;
				GCC_WARN_UNUSED_VARIABLE = YES;
				LOCALIZATION_PREFERS_STRING_CATALOGS = YES;
				MACOSX_DEPLOYMENT_TARGET = 14.2;
				MTL_ENABLE_DEBUG_INFO = NO;
				MTL_FAST_MATH = YES;
				SDKROOT = macosx;
			};
			name = Release;
		};
		8FA13BC92DDB9E54002D4F8B /* Debug */ = {
			isa = XCBuildConfiguration;
			buildSettings = {
				CODE_SIGN_STYLE = Automatic;
				FRAMEWORK_SEARCH_PATHS = (
					"$(inherited)",
					"$(LOCAL_LIBRARY_DIR)/Frameworks",
				);
				PRODUCT_NAME = "$(TARGET_NAME)";
			};
			name = Debug;
		};
		8FA13BCA2DDB9E54002D4F8B /* Release */ = {
			isa = XCBuildConfiguration;
			buildSettings = {
				CODE_SIGN_STYLE = Automatic;
				FRAMEWORK_SEARCH_PATHS = (
					"$(inherited)",
					"$(LOCAL_LIBRARY_DIR)/Frameworks",
				);
				PRODUCT_NAME = "$(TARGET_NAME)";
			};
			name = Release;
		};
/* End XCBuildConfiguration section */

/* Begin XCConfigurationList section */
		8FA13BBC2DDB9E54002D4F8B /* Build configuration list for PBXProject "VetoresSDL" */ = {
			isa = XCConfigurationList;
			buildConfigurations = (
				8FA13BC62DDB9E54002D4F8B /* Debug */,
				8FA13BC72DDB9E54002D4F8B /* Release */,
			);
			defaultConfigurationIsVisible = 0;
			defaultConfigurationName = Release;
		};
		8FA13BC82DDB9E54002D4F8B /* Build configuration list for PBXNativeTarget "VetoresSDL" */ = {
			isa = XCConfigurationList;
			buildConfigurations = (
				8FA13BC92DDB9E54002D4F8B /* Debug */,
				8FA13BCA2DDB9E54002D4F8B /* Release */,
			);
			defaultConfigurationIsVisible = 0;
			defaultConfigurationName = Release;
		};
/* End XCConfigurationList section */
	};
	rootObject = 8FA13BB92DDB9E54002D4F8B /* Project object */;
}
